
Microsoft Visual Studio Solution File, Format Version 12.00
# Visual Studio Version 17
VisualStudioVersion = 17.2.32616.157
MinimumVisualStudioVersion = 10.0.40219.1
Project("{FAE04EC0-301F-11D3-BF4B-00C04F79EFBC}") = "lab7", "lab7\lab7.csproj", "{AD95DEFD-6A19-40C7-AB4D-BBC980DD3402}"
EndProject
Global
	GlobalSection(SolutionConfigurationPlatforms) = preSolution
		Debug|Any CPU = Debug|Any CPU
		Release|Any CPU = Release|Any CPU
	EndGlobalSection
	GlobalSection(ProjectConfigurationPlatforms) = postSolution
		{AD95DEFD-6A19-40C7-AB4D-BBC980DD3402}.Debug|Any CPU.ActiveCfg = Debug|Any CPU
		{AD95DEFD-6A19-40C7-AB4D-BBC980DD3402}.Debug|Any CPU.Build.0 = Debug|Any CPU
		{AD95DEFD-6A19-40C7-AB4D-BBC980DD3402}.Release|Any CPU.ActiveCfg = Release|Any CPU
		{AD95DEFD-6A19-40C7-AB4D-BBC980DD3402}.Release|Any CPU.Build.0 = Release|Any CPU
	EndGlobalSection
	GlobalSection(SolutionProperties) = preSolution
		HideSolutionNode = FALSE
	EndGlobalSection
	GlobalSection(ExtensibilityGlobals) = postSolution
		SolutionGuid = {DE0AD3EB-CDD0-4D9C-B73B-EACF6E0C6CED}
	EndGlobalSection
EndGlobal
